
Microsoft Visual Studio Solution File, Format Version 12.00
# Visual Studio 14
VisualStudioVersion = 14.0.23107.0
MinimumVisualStudioVersion = 10.0.40219.1
Project("{FAE04EC0-301F-11D3-BF4B-00C04F79EFBC}") = "AgileHW.UI", "AgileHW.UI\AgileHW.UI.csproj", "{01B29F34-A5D2-40C4-BB99-350BF3F57BDA}"
EndProject
Project("{FAE04EC0-301F-11D3-BF4B-00C04F79EFBC}") = "AgileHW.Business", "AgileHW.Business\AgileHW.Business.csproj", "{60130C33-6EC7-473D-B308-D86E689E4ADE}"
EndProject
Project("{FAE04EC0-301F-11D3-BF4B-00C04F79EFBC}") = "AgileHW.DataAccess", "AgileHW.DataAccess\AgileHW.DataAccess.csproj", "{A7550C44-F4A2-4CE0-9D0E-E75C54B5B0EC}"
EndProject
Project("{FAE04EC0-301F-11D3-BF4B-00C04F79EFBC}") = "Common", "Common\Common.csproj", "{E84A1649-6227-48FD-9721-DF5852748541}"
EndProject
Global
	GlobalSection(SolutionConfigurationPlatforms) = preSolution
		Debug|Any CPU = Debug|Any CPU
		Release|Any CPU = Release|Any CPU
	EndGlobalSection
	GlobalSection(ProjectConfigurationPlatforms) = postSolution
		{01B29F34-A5D2-40C4-BB99-350BF3F57BDA}.Debug|Any CPU.ActiveCfg = Debug|Any CPU
		{01B29F34-A5D2-40C4-BB99-350BF3F57BDA}.Debug|Any CPU.Build.0 = Debug|Any CPU
		{01B29F34-A5D2-40C4-BB99-350BF3F57BDA}.Release|Any CPU.ActiveCfg = Release|Any CPU
		{01B29F34-A5D2-40C4-BB99-350BF3F57BDA}.Release|Any CPU.Build.0 = Release|Any CPU
		{60130C33-6EC7-473D-B308-D86E689E4ADE}.Debug|Any CPU.ActiveCfg = Debug|Any CPU
		{60130C33-6EC7-473D-B308-D86E689E4ADE}.Debug|Any CPU.Build.0 = Debug|Any CPU
		{60130C33-6EC7-473D-B308-D86E689E4ADE}.Release|Any CPU.ActiveCfg = Release|Any CPU
		{60130C33-6EC7-473D-B308-D86E689E4ADE}.Release|Any CPU.Build.0 = Release|Any CPU
		{A7550C44-F4A2-4CE0-9D0E-E75C54B5B0EC}.Debug|Any CPU.ActiveCfg = Debug|Any CPU
		{A7550C44-F4A2-4CE0-9D0E-E75C54B5B0EC}.Debug|Any CPU.Build.0 = Debug|Any CPU
		{A7550C44-F4A2-4CE0-9D0E-E75C54B5B0EC}.Release|Any CPU.ActiveCfg = Release|Any CPU
		{A7550C44-F4A2-4CE0-9D0E-E75C54B5B0EC}.Release|Any CPU.Build.0 = Release|Any CPU
		{E84A1649-6227-48FD-9721-DF5852748541}.Debug|Any CPU.ActiveCfg = Debug|Any CPU
		{E84A1649-6227-48FD-9721-DF5852748541}.Debug|Any CPU.Build.0 = Debug|Any CPU
		{E84A1649-6227-48FD-9721-DF5852748541}.Release|Any CPU.ActiveCfg = Release|Any CPU
		{E84A1649-6227-48FD-9721-DF5852748541}.Release|Any CPU.Build.0 = Release|Any CPU
	EndGlobalSection
	GlobalSection(SolutionProperties) = preSolution
		HideSolutionNode = FALSE
	EndGlobalSection
EndGlobal
